// !$*UTF8*$!
{
	archiveVersion = 1;
	classes = {
	};
	objectVersion = 56;
	objects = {

/* Begin PBXBuildFile section */
		5E5EB57629EFFAA0000EC9E5 /* CheckingTest.swift in Sources */ = {isa = PBXBuildFile; fileRef = 5E5EB57529EFFAA0000EC9E5 /* CheckingTest.swift */; };
		5E7EE7CC29F5116D00BD700C /* ZoomingPressGestureRecognizer.swift in Sources */ = {isa = PBXBuildFile; fileRef = 5E7EE7CB29F5116D00BD700C /* ZoomingPressGestureRecognizer.swift */; };
		5E7EE7CE29F5124100BD700C /* IZoomingPressStateAnimatable.swift in Sources */ = {isa = PBXBuildFile; fileRef = 5E7EE7CD29F5124100BD700C /* IZoomingPressStateAnimatable.swift */; };
		5E9BF20E29EF06DC00DC1AFD /* SnapKit in Frameworks */ = {isa = PBXBuildFile; productRef = 5E9BF20D29EF06DC00DC1AFD /* SnapKit */; };
		5E9BF21429EF98A800DC1AFD /* DynamicTableView.swift in Sources */ = {isa = PBXBuildFile; fileRef = 5E9BF21329EF98A800DC1AFD /* DynamicTableView.swift */; };
		5E9BF21729EF99A000DC1AFD /* MenuItemTableViewCell.swift in Sources */ = {isa = PBXBuildFile; fileRef = 5E9BF21629EF99A000DC1AFD /* MenuItemTableViewCell.swift */; };
		5E9BF21929EF9B7200DC1AFD /* ConfigurableTableCell.swift in Sources */ = {isa = PBXBuildFile; fileRef = 5E9BF21829EF9B7200DC1AFD /* ConfigurableTableCell.swift */; };
		5E9BF21D29EF9BA500DC1AFD /* UITableView+Extension.swift in Sources */ = {isa = PBXBuildFile; fileRef = 5E9BF21C29EF9BA500DC1AFD /* UITableView+Extension.swift */; };
		5E9BF22029EFB3CD00DC1AFD /* RecentFileCollectionViewCell.swift in Sources */ = {isa = PBXBuildFile; fileRef = 5E9BF21F29EFB3CD00DC1AFD /* RecentFileCollectionViewCell.swift */; };
		5E9BF22229EFB40900DC1AFD /* IConfigurableCollectionCell.swift in Sources */ = {isa = PBXBuildFile; fileRef = 5E9BF22129EFB40900DC1AFD /* IConfigurableCollectionCell.swift */; };
		5E9BF22429EFB6B600DC1AFD /* UICollectionView+Extension.swift in Sources */ = {isa = PBXBuildFile; fileRef = 5E9BF22329EFB6B600DC1AFD /* UICollectionView+Extension.swift */; };
		850690FF29F5312E00C378B2 /* AboutSceneAssembly.swift in Sources */ = {isa = PBXBuildFile; fileRef = 850690F929F5312E00C378B2 /* AboutSceneAssembly.swift */; };
		8506910129F5312E00C378B2 /* AboutScenePresenter.swift in Sources */ = {isa = PBXBuildFile; fileRef = 850690FB29F5312E00C378B2 /* AboutScenePresenter.swift */; };
		8506910229F5312E00C378B2 /* AboutSceneViewController.swift in Sources */ = {isa = PBXBuildFile; fileRef = 850690FC29F5312E00C378B2 /* AboutSceneViewController.swift */; };
		8506910329F5312E00C378B2 /* AboutSceneModel.swift in Sources */ = {isa = PBXBuildFile; fileRef = 850690FD29F5312E00C378B2 /* AboutSceneModel.swift */; };
		8506910429F5312E00C378B2 /* AboutSceneInteractor.swift in Sources */ = {isa = PBXBuildFile; fileRef = 850690FE29F5312E00C378B2 /* AboutSceneInteractor.swift */; };
		8506910A29F5382200C378B2 /* StringConstants.swift in Sources */ = {isa = PBXBuildFile; fileRef = 8506910929F5382200C378B2 /* StringConstants.swift */; };
		8506918F29F90ACB00C378B2 /* ICoordinator.swift in Sources */ = {isa = PBXBuildFile; fileRef = 8506918E29F90ACB00C378B2 /* ICoordinator.swift */; };
		8506919229F9115600C378B2 /* AppCoordinator.swift in Sources */ = {isa = PBXBuildFile; fileRef = 8506919129F9115600C378B2 /* AppCoordinator.swift */; };
		8506919429F9119A00C378B2 /* MainCoordinator.swift in Sources */ = {isa = PBXBuildFile; fileRef = 8506919329F9119A00C378B2 /* MainCoordinator.swift */; };
		8506919829F9153200C378B2 /* OpenDocumentCoordinator.swift in Sources */ = {isa = PBXBuildFile; fileRef = 8506919729F9153200C378B2 /* OpenDocumentCoordinator.swift */; };
		8506919A29F9199100C378B2 /* StartSceneCoordinator.swift in Sources */ = {isa = PBXBuildFile; fileRef = 8506919929F9199100C378B2 /* StartSceneCoordinator.swift */; };
		8548CB3729EE5CA100518090 /* AppDelegate.swift in Sources */ = {isa = PBXBuildFile; fileRef = 8548CB3629EE5CA100518090 /* AppDelegate.swift */; };
		8548CB3929EE5CA100518090 /* SceneDelegate.swift in Sources */ = {isa = PBXBuildFile; fileRef = 8548CB3829EE5CA100518090 /* SceneDelegate.swift */; };
		8548CB3B29EE5CA100518090 /* StartSceneViewController.swift in Sources */ = {isa = PBXBuildFile; fileRef = 8548CB3A29EE5CA100518090 /* StartSceneViewController.swift */; };
		8548CB4029EE5CA400518090 /* Assets.xcassets in Resources */ = {isa = PBXBuildFile; fileRef = 8548CB3F29EE5CA400518090 /* Assets.xcassets */; };
		8548CB4329EE5CA400518090 /* LaunchScreen.storyboard in Resources */ = {isa = PBXBuildFile; fileRef = 8548CB4129EE5CA400518090 /* LaunchScreen.storyboard */; };
		8548CB4B29EE5D8200518090 /* README.md in Resources */ = {isa = PBXBuildFile; fileRef = 8548CB4A29EE5D8200518090 /* README.md */; };
		8548CB4D29EE5DB500518090 /* .gitignore in Resources */ = {isa = PBXBuildFile; fileRef = 8548CB4C29EE5DB500518090 /* .gitignore */; };
		8548CB5329EE5F3300518090 /* swiftgen.yml in Resources */ = {isa = PBXBuildFile; fileRef = 8548CB4E29EE5F3300518090 /* swiftgen.yml */; };
		8548CB5429EE5F3300518090 /* Assets.stencil in Resources */ = {isa = PBXBuildFile; fileRef = 8548CB5029EE5F3300518090 /* Assets.stencil */; };
		8548CB5529EE5F3300518090 /* Strings.stencil in Resources */ = {isa = PBXBuildFile; fileRef = 8548CB5129EE5F3300518090 /* Strings.stencil */; };
		8548CB5629EE5F3300518090 /* swiftgen.sh in Resources */ = {isa = PBXBuildFile; fileRef = 8548CB5229EE5F3300518090 /* swiftgen.sh */; };
		8548CB5B29EE609500518090 /* Localizable.strings in Resources */ = {isa = PBXBuildFile; fileRef = 8548CB5D29EE609500518090 /* Localizable.strings */; };
		8548CB6229EE642D00518090 /* Assets.swift in Sources */ = {isa = PBXBuildFile; fileRef = 8548CB6029EE642D00518090 /* Assets.swift */; };
		8548CB6329EE642D00518090 /* Strings.swift in Sources */ = {isa = PBXBuildFile; fileRef = 8548CB6129EE642D00518090 /* Strings.swift */; };
		8548CB6729EE688200518090 /* StartSceneInteractor.swift in Sources */ = {isa = PBXBuildFile; fileRef = 8548CB6629EE688200518090 /* StartSceneInteractor.swift */; };
		8548CB6929EE689600518090 /* StartScenePresenter.swift in Sources */ = {isa = PBXBuildFile; fileRef = 8548CB6829EE689600518090 /* StartScenePresenter.swift */; };
		8548CB6D29EE68DE00518090 /* StartSceneModel.swift in Sources */ = {isa = PBXBuildFile; fileRef = 8548CB6C29EE68DE00518090 /* StartSceneModel.swift */; };
		8548CB6F29EE68EB00518090 /* StartSceneAssembly.swift in Sources */ = {isa = PBXBuildFile; fileRef = 8548CB6E29EE68EB00518090 /* StartSceneAssembly.swift */; };
		8548CBB929F019E400518090 /* SampleFiles in Resources */ = {isa = PBXBuildFile; fileRef = 8548CBB829F019E300518090 /* SampleFiles */; };
		8548CBC629F0237700518090 /* FileTableViewCell.swift in Sources */ = {isa = PBXBuildFile; fileRef = 8548CBBC29F0237700518090 /* FileTableViewCell.swift */; };
		8548CBC729F0237700518090 /* FileExplorerManager.swift in Sources */ = {isa = PBXBuildFile; fileRef = 8548CBBE29F0237700518090 /* FileExplorerManager.swift */; };
		8548CBC929F0237700518090 /* OpenDocumentInteractor.swift in Sources */ = {isa = PBXBuildFile; fileRef = 8548CBC029F0237700518090 /* OpenDocumentInteractor.swift */; };
		8548CBCA29F0237700518090 /* OpenDocumentWorker.swift in Sources */ = {isa = PBXBuildFile; fileRef = 8548CBC129F0237700518090 /* OpenDocumentWorker.swift */; };
		8548CBCB29F0237700518090 /* OpenDocumentViewController.swift in Sources */ = {isa = PBXBuildFile; fileRef = 8548CBC229F0237700518090 /* OpenDocumentViewController.swift */; };
		8548CBCC29F0237700518090 /* OpenDocumentPresenter.swift in Sources */ = {isa = PBXBuildFile; fileRef = 8548CBC329F0237700518090 /* OpenDocumentPresenter.swift */; };
		8548CBCD29F0237700518090 /* OpenDocumentModel.swift in Sources */ = {isa = PBXBuildFile; fileRef = 8548CBC429F0237700518090 /* OpenDocumentModel.swift */; };
		8548CBCE29F0237700518090 /* OpenDocumentAssembly.swift in Sources */ = {isa = PBXBuildFile; fileRef = 8548CBC529F0237700518090 /* OpenDocumentAssembly.swift */; };
		8548CBD129F07A6600518090 /* Palette.swift in Sources */ = {isa = PBXBuildFile; fileRef = 8548CBD029F07A6500518090 /* Palette.swift */; };
		8548CBD329F07AB000518090 /* UIColor+Hex.swift in Sources */ = {isa = PBXBuildFile; fileRef = 8548CBD229F07AB000518090 /* UIColor+Hex.swift */; };
		8548CBD529F07AF800518090 /* UIColor+Dynamic.swift in Sources */ = {isa = PBXBuildFile; fileRef = 8548CBD429F07AF800518090 /* UIColor+Dynamic.swift */; };
/* End PBXBuildFile section */

/* Begin PBXContainerItemProxy section */
		5E5EB57729EFFAA0000EC9E5 /* PBXContainerItemProxy */ = {
			isa = PBXContainerItemProxy;
			containerPortal = 8548CB2B29EE5CA100518090 /* Project object */;
			proxyType = 1;
			remoteGlobalIDString = 8548CB3229EE5CA100518090;
			remoteInfo = MdEditor;
		};
/* End PBXContainerItemProxy section */

/* Begin PBXFileReference section */
		5E5EB57329EFFA9F000EC9E5 /* MdEditorTests.xctest */ = {isa = PBXFileReference; explicitFileType = wrapper.cfbundle; includeInIndex = 0; path = MdEditorTests.xctest; sourceTree = BUILT_PRODUCTS_DIR; };
		5E5EB57529EFFAA0000EC9E5 /* CheckingTest.swift */ = {isa = PBXFileReference; lastKnownFileType = sourcecode.swift; path = CheckingTest.swift; sourceTree = "<group>"; };
		5E7EE7CB29F5116D00BD700C /* ZoomingPressGestureRecognizer.swift */ = {isa = PBXFileReference; lastKnownFileType = sourcecode.swift; path = ZoomingPressGestureRecognizer.swift; sourceTree = "<group>"; };
		5E7EE7CD29F5124100BD700C /* IZoomingPressStateAnimatable.swift */ = {isa = PBXFileReference; lastKnownFileType = sourcecode.swift; path = IZoomingPressStateAnimatable.swift; sourceTree = "<group>"; };
		5E9BF20F29EF085B00DC1AFD /* ru */ = {isa = PBXFileReference; lastKnownFileType = text.plist.strings; name = ru; path = ru.lproj/Localizable.strings; sourceTree = "<group>"; };
		5E9BF21329EF98A800DC1AFD /* DynamicTableView.swift */ = {isa = PBXFileReference; lastKnownFileType = sourcecode.swift; path = DynamicTableView.swift; sourceTree = "<group>"; };
		5E9BF21629EF99A000DC1AFD /* MenuItemTableViewCell.swift */ = {isa = PBXFileReference; lastKnownFileType = sourcecode.swift; path = MenuItemTableViewCell.swift; sourceTree = "<group>"; };
		5E9BF21829EF9B7200DC1AFD /* ConfigurableTableCell.swift */ = {isa = PBXFileReference; fileEncoding = 4; lastKnownFileType = sourcecode.swift; path = ConfigurableTableCell.swift; sourceTree = "<group>"; };
		5E9BF21C29EF9BA500DC1AFD /* UITableView+Extension.swift */ = {isa = PBXFileReference; fileEncoding = 4; lastKnownFileType = sourcecode.swift; path = "UITableView+Extension.swift"; sourceTree = "<group>"; };
		5E9BF21F29EFB3CD00DC1AFD /* RecentFileCollectionViewCell.swift */ = {isa = PBXFileReference; lastKnownFileType = sourcecode.swift; path = RecentFileCollectionViewCell.swift; sourceTree = "<group>"; };
		5E9BF22129EFB40900DC1AFD /* IConfigurableCollectionCell.swift */ = {isa = PBXFileReference; lastKnownFileType = sourcecode.swift; path = IConfigurableCollectionCell.swift; sourceTree = "<group>"; };
		5E9BF22329EFB6B600DC1AFD /* UICollectionView+Extension.swift */ = {isa = PBXFileReference; lastKnownFileType = sourcecode.swift; path = "UICollectionView+Extension.swift"; sourceTree = "<group>"; };
		850690F929F5312E00C378B2 /* AboutSceneAssembly.swift */ = {isa = PBXFileReference; fileEncoding = 4; lastKnownFileType = sourcecode.swift; path = AboutSceneAssembly.swift; sourceTree = "<group>"; };
		850690FB29F5312E00C378B2 /* AboutScenePresenter.swift */ = {isa = PBXFileReference; fileEncoding = 4; lastKnownFileType = sourcecode.swift; path = AboutScenePresenter.swift; sourceTree = "<group>"; };
		850690FC29F5312E00C378B2 /* AboutSceneViewController.swift */ = {isa = PBXFileReference; fileEncoding = 4; lastKnownFileType = sourcecode.swift; path = AboutSceneViewController.swift; sourceTree = "<group>"; };
		850690FD29F5312E00C378B2 /* AboutSceneModel.swift */ = {isa = PBXFileReference; fileEncoding = 4; lastKnownFileType = sourcecode.swift; path = AboutSceneModel.swift; sourceTree = "<group>"; };
		850690FE29F5312E00C378B2 /* AboutSceneInteractor.swift */ = {isa = PBXFileReference; fileEncoding = 4; lastKnownFileType = sourcecode.swift; path = AboutSceneInteractor.swift; sourceTree = "<group>"; };
		8506910929F5382200C378B2 /* StringConstants.swift */ = {isa = PBXFileReference; lastKnownFileType = sourcecode.swift; path = StringConstants.swift; sourceTree = "<group>"; };
		8506918E29F90ACB00C378B2 /* ICoordinator.swift */ = {isa = PBXFileReference; lastKnownFileType = sourcecode.swift; path = ICoordinator.swift; sourceTree = "<group>"; };
		8506919129F9115600C378B2 /* AppCoordinator.swift */ = {isa = PBXFileReference; lastKnownFileType = sourcecode.swift; path = AppCoordinator.swift; sourceTree = "<group>"; };
		8506919329F9119A00C378B2 /* MainCoordinator.swift */ = {isa = PBXFileReference; lastKnownFileType = sourcecode.swift; path = MainCoordinator.swift; sourceTree = "<group>"; };
		8506919729F9153200C378B2 /* OpenDocumentCoordinator.swift */ = {isa = PBXFileReference; lastKnownFileType = sourcecode.swift; path = OpenDocumentCoordinator.swift; sourceTree = "<group>"; };
		8506919929F9199100C378B2 /* StartSceneCoordinator.swift */ = {isa = PBXFileReference; lastKnownFileType = sourcecode.swift; path = StartSceneCoordinator.swift; sourceTree = "<group>"; };
		8548CB3329EE5CA100518090 /* MdEditor.app */ = {isa = PBXFileReference; explicitFileType = wrapper.application; includeInIndex = 0; path = MdEditor.app; sourceTree = BUILT_PRODUCTS_DIR; };
		8548CB3629EE5CA100518090 /* AppDelegate.swift */ = {isa = PBXFileReference; lastKnownFileType = sourcecode.swift; path = AppDelegate.swift; sourceTree = "<group>"; };
		8548CB3829EE5CA100518090 /* SceneDelegate.swift */ = {isa = PBXFileReference; lastKnownFileType = sourcecode.swift; path = SceneDelegate.swift; sourceTree = "<group>"; };
		8548CB3A29EE5CA100518090 /* StartSceneViewController.swift */ = {isa = PBXFileReference; lastKnownFileType = sourcecode.swift; path = StartSceneViewController.swift; sourceTree = "<group>"; };
		8548CB3F29EE5CA400518090 /* Assets.xcassets */ = {isa = PBXFileReference; lastKnownFileType = folder.assetcatalog; path = Assets.xcassets; sourceTree = "<group>"; };
		8548CB4229EE5CA400518090 /* Base */ = {isa = PBXFileReference; lastKnownFileType = file.storyboard; name = Base; path = Base.lproj/LaunchScreen.storyboard; sourceTree = "<group>"; };
		8548CB4429EE5CA400518090 /* Info.plist */ = {isa = PBXFileReference; lastKnownFileType = text.plist.xml; path = Info.plist; sourceTree = "<group>"; };
		8548CB4A29EE5D8200518090 /* README.md */ = {isa = PBXFileReference; lastKnownFileType = net.daringfireball.markdown; path = README.md; sourceTree = "<group>"; };
		8548CB4C29EE5DB500518090 /* .gitignore */ = {isa = PBXFileReference; fileEncoding = 4; lastKnownFileType = text; path = .gitignore; sourceTree = "<group>"; };
		8548CB4E29EE5F3300518090 /* swiftgen.yml */ = {isa = PBXFileReference; fileEncoding = 4; lastKnownFileType = text.yaml; path = swiftgen.yml; sourceTree = "<group>"; };
		8548CB5029EE5F3300518090 /* Assets.stencil */ = {isa = PBXFileReference; fileEncoding = 4; lastKnownFileType = text; path = Assets.stencil; sourceTree = "<group>"; };
		8548CB5129EE5F3300518090 /* Strings.stencil */ = {isa = PBXFileReference; fileEncoding = 4; lastKnownFileType = text; path = Strings.stencil; sourceTree = "<group>"; };
		8548CB5229EE5F3300518090 /* swiftgen.sh */ = {isa = PBXFileReference; fileEncoding = 4; lastKnownFileType = text.script.sh; path = swiftgen.sh; sourceTree = "<group>"; };
		8548CB5C29EE609500518090 /* en */ = {isa = PBXFileReference; lastKnownFileType = text.plist.strings; name = en; path = en.lproj/Localizable.strings; sourceTree = "<group>"; };
		8548CB6029EE642D00518090 /* Assets.swift */ = {isa = PBXFileReference; fileEncoding = 4; lastKnownFileType = sourcecode.swift; path = Assets.swift; sourceTree = "<group>"; };
		8548CB6129EE642D00518090 /* Strings.swift */ = {isa = PBXFileReference; fileEncoding = 4; lastKnownFileType = sourcecode.swift; path = Strings.swift; sourceTree = "<group>"; };
		8548CB6629EE688200518090 /* StartSceneInteractor.swift */ = {isa = PBXFileReference; lastKnownFileType = sourcecode.swift; path = StartSceneInteractor.swift; sourceTree = "<group>"; };
		8548CB6829EE689600518090 /* StartScenePresenter.swift */ = {isa = PBXFileReference; lastKnownFileType = sourcecode.swift; path = StartScenePresenter.swift; sourceTree = "<group>"; };
		8548CB6C29EE68DE00518090 /* StartSceneModel.swift */ = {isa = PBXFileReference; lastKnownFileType = sourcecode.swift; path = StartSceneModel.swift; sourceTree = "<group>"; };
		8548CB6E29EE68EB00518090 /* StartSceneAssembly.swift */ = {isa = PBXFileReference; lastKnownFileType = sourcecode.swift; path = StartSceneAssembly.swift; sourceTree = "<group>"; };
		8548CBB829F019E300518090 /* SampleFiles */ = {isa = PBXFileReference; lastKnownFileType = folder; path = SampleFiles; sourceTree = "<group>"; };
		8548CBBC29F0237700518090 /* FileTableViewCell.swift */ = {isa = PBXFileReference; fileEncoding = 4; lastKnownFileType = sourcecode.swift; path = FileTableViewCell.swift; sourceTree = "<group>"; };
		8548CBBE29F0237700518090 /* FileExplorerManager.swift */ = {isa = PBXFileReference; fileEncoding = 4; lastKnownFileType = sourcecode.swift; path = FileExplorerManager.swift; sourceTree = "<group>"; };
		8548CBC029F0237700518090 /* OpenDocumentInteractor.swift */ = {isa = PBXFileReference; fileEncoding = 4; lastKnownFileType = sourcecode.swift; path = OpenDocumentInteractor.swift; sourceTree = "<group>"; };
		8548CBC129F0237700518090 /* OpenDocumentWorker.swift */ = {isa = PBXFileReference; fileEncoding = 4; lastKnownFileType = sourcecode.swift; path = OpenDocumentWorker.swift; sourceTree = "<group>"; };
		8548CBC229F0237700518090 /* OpenDocumentViewController.swift */ = {isa = PBXFileReference; fileEncoding = 4; lastKnownFileType = sourcecode.swift; path = OpenDocumentViewController.swift; sourceTree = "<group>"; };
		8548CBC329F0237700518090 /* OpenDocumentPresenter.swift */ = {isa = PBXFileReference; fileEncoding = 4; lastKnownFileType = sourcecode.swift; path = OpenDocumentPresenter.swift; sourceTree = "<group>"; };
		8548CBC429F0237700518090 /* OpenDocumentModel.swift */ = {isa = PBXFileReference; fileEncoding = 4; lastKnownFileType = sourcecode.swift; path = OpenDocumentModel.swift; sourceTree = "<group>"; };
		8548CBC529F0237700518090 /* OpenDocumentAssembly.swift */ = {isa = PBXFileReference; fileEncoding = 4; lastKnownFileType = sourcecode.swift; path = OpenDocumentAssembly.swift; sourceTree = "<group>"; };
		8548CBD029F07A6500518090 /* Palette.swift */ = {isa = PBXFileReference; lastKnownFileType = sourcecode.swift; path = Palette.swift; sourceTree = "<group>"; };
		8548CBD229F07AB000518090 /* UIColor+Hex.swift */ = {isa = PBXFileReference; lastKnownFileType = sourcecode.swift; path = "UIColor+Hex.swift"; sourceTree = "<group>"; };
		8548CBD429F07AF800518090 /* UIColor+Dynamic.swift */ = {isa = PBXFileReference; lastKnownFileType = sourcecode.swift; path = "UIColor+Dynamic.swift"; sourceTree = "<group>"; };
/* End PBXFileReference section */

/* Begin PBXFrameworksBuildPhase section */
		5E5EB57029EFFA9F000EC9E5 /* Frameworks */ = {
			isa = PBXFrameworksBuildPhase;
			buildActionMask = 2147483647;
			files = (
			);
			runOnlyForDeploymentPostprocessing = 0;
		};
		8548CB3029EE5CA100518090 /* Frameworks */ = {
			isa = PBXFrameworksBuildPhase;
			buildActionMask = 2147483647;
			files = (
				5E9BF20E29EF06DC00DC1AFD /* SnapKit in Frameworks */,
			);
			runOnlyForDeploymentPostprocessing = 0;
		};
/* End PBXFrameworksBuildPhase section */

/* Begin PBXGroup section */
		5E5EB57429EFFAA0000EC9E5 /* MdEditorTests */ = {
			isa = PBXGroup;
			children = (
				5E5EB57529EFFAA0000EC9E5 /* CheckingTest.swift */,
			);
			path = MdEditorTests;
			sourceTree = "<group>";
		};
		5E7EE7CF29F512A800BD700C /* Classes */ = {
			isa = PBXGroup;
			children = (
				5E7EE7CB29F5116D00BD700C /* ZoomingPressGestureRecognizer.swift */,
			);
			path = Classes;
			sourceTree = "<group>";
		};
		5E9BF21029EF96D700DC1AFD /* Scenes */ = {
			isa = PBXGroup;
			children = (
				850690F829F5312E00C378B2 /* AboutScene */,
				8548CBBA29F0237700518090 /* OpenDocumentScene */,
				8548CB6529EE683C00518090 /* StartScene */,
			);
			path = Scenes;
			sourceTree = "<group>";
		};
		5E9BF21129EF97A700DC1AFD /* Presentation */ = {
			isa = PBXGroup;
			children = (
				8506919029F9112E00C378B2 /* Coordinator */,
				5E9BF21229EF97B800DC1AFD /* Common */,
				5E9BF21029EF96D700DC1AFD /* Scenes */,
			);
			path = Presentation;
			sourceTree = "<group>";
		};
		5E9BF21229EF97B800DC1AFD /* Common */ = {
			isa = PBXGroup;
			children = (
				5E7EE7CF29F512A800BD700C /* Classes */,
				5E9BF21B29EF9B9100DC1AFD /* Extensions */,
				5E9BF21A29EF9B8300DC1AFD /* Protocols */,
				8548CBCF29F07A4900518090 /* Theme */,
				5E9BF21E29EF9C4200DC1AFD /* Views */,
			);
			path = Common;
			sourceTree = "<group>";
		};
		5E9BF21529EF997D00DC1AFD /* Cells */ = {
			isa = PBXGroup;
			children = (
				5E9BF21629EF99A000DC1AFD /* MenuItemTableViewCell.swift */,
				5E9BF21F29EFB3CD00DC1AFD /* RecentFileCollectionViewCell.swift */,
			);
			path = Cells;
			sourceTree = "<group>";
		};
		5E9BF21A29EF9B8300DC1AFD /* Protocols */ = {
			isa = PBXGroup;
			children = (
				5E9BF21829EF9B7200DC1AFD /* ConfigurableTableCell.swift */,
				5E9BF22129EFB40900DC1AFD /* IConfigurableCollectionCell.swift */,
				5E7EE7CD29F5124100BD700C /* IZoomingPressStateAnimatable.swift */,
			);
			path = Protocols;
			sourceTree = "<group>";
		};
		5E9BF21B29EF9B9100DC1AFD /* Extensions */ = {
			isa = PBXGroup;
			children = (
				5E9BF21C29EF9BA500DC1AFD /* UITableView+Extension.swift */,
				5E9BF22329EFB6B600DC1AFD /* UICollectionView+Extension.swift */,
				8548CBD229F07AB000518090 /* UIColor+Hex.swift */,
				8548CBD429F07AF800518090 /* UIColor+Dynamic.swift */,
			);
			path = Extensions;
			sourceTree = "<group>";
		};
		5E9BF21E29EF9C4200DC1AFD /* Views */ = {
			isa = PBXGroup;
			children = (
				5E9BF21329EF98A800DC1AFD /* DynamicTableView.swift */,
			);
			path = Views;
			sourceTree = "<group>";
		};
		850690F729F51F1B00C378B2 /* Services */ = {
			isa = PBXGroup;
			children = (
				8548CBBE29F0237700518090 /* FileExplorerManager.swift */,
				8506910929F5382200C378B2 /* StringConstants.swift */,
			);
			path = Services;
			sourceTree = "<group>";
		};
		850690F829F5312E00C378B2 /* AboutScene */ = {
			isa = PBXGroup;
			children = (
				850690F929F5312E00C378B2 /* AboutSceneAssembly.swift */,
				850690FB29F5312E00C378B2 /* AboutScenePresenter.swift */,
				850690FC29F5312E00C378B2 /* AboutSceneViewController.swift */,
				850690FD29F5312E00C378B2 /* AboutSceneModel.swift */,
				850690FE29F5312E00C378B2 /* AboutSceneInteractor.swift */,
			);
			path = AboutScene;
			sourceTree = "<group>";
		};
		8506919029F9112E00C378B2 /* Coordinator */ = {
			isa = PBXGroup;
			children = (
				8506918E29F90ACB00C378B2 /* ICoordinator.swift */,
				8506919129F9115600C378B2 /* AppCoordinator.swift */,
				8506919329F9119A00C378B2 /* MainCoordinator.swift */,
				8506919729F9153200C378B2 /* OpenDocumentCoordinator.swift */,
				8506919929F9199100C378B2 /* StartSceneCoordinator.swift */,
			);
			path = Coordinator;
			sourceTree = "<group>";
		};
		8548CB2A29EE5CA100518090 = {
			isa = PBXGroup;
			children = (
				8548CB4C29EE5DB500518090 /* .gitignore */,
				8548CB4A29EE5D8200518090 /* README.md */,
				8548CB3529EE5CA100518090 /* MdEditor */,
				5E5EB57429EFFAA0000EC9E5 /* MdEditorTests */,
				8548CB3429EE5CA100518090 /* Products */,
			);
			sourceTree = "<group>";
		};
		8548CB3429EE5CA100518090 /* Products */ = {
			isa = PBXGroup;
			children = (
				8548CB3329EE5CA100518090 /* MdEditor.app */,
				5E5EB57329EFFA9F000EC9E5 /* MdEditorTests.xctest */,
			);
			name = Products;
			sourceTree = "<group>";
		};
		8548CB3529EE5CA100518090 /* MdEditor */ = {
			isa = PBXGroup;
			children = (
				8548CBB829F019E300518090 /* SampleFiles */,
				8548CB3829EE5CA100518090 /* SceneDelegate.swift */,
				8548CB3629EE5CA100518090 /* AppDelegate.swift */,
				8548CB5829EE5F6000518090 /* SwiftGen */,
				8548CB5729EE5F4C00518090 /* SupportingFiles */,
				850690F729F51F1B00C378B2 /* Services */,
				5E9BF21129EF97A700DC1AFD /* Presentation */,
			);
			path = MdEditor;
			sourceTree = "<group>";
		};
		8548CB4F29EE5F3300518090 /* Templates */ = {
			isa = PBXGroup;
			children = (
				8548CB5029EE5F3300518090 /* Assets.stencil */,
				8548CB5129EE5F3300518090 /* Strings.stencil */,
			);
			path = Templates;
			sourceTree = "<group>";
		};
		8548CB5729EE5F4C00518090 /* SupportingFiles */ = {
			isa = PBXGroup;
			children = (
				8548CB4429EE5CA400518090 /* Info.plist */,
				8548CB3F29EE5CA400518090 /* Assets.xcassets */,
				8548CB4129EE5CA400518090 /* LaunchScreen.storyboard */,
				8548CB5F29EE617A00518090 /* Autogenerated */,
				8548CB5D29EE609500518090 /* Localizable.strings */,
			);
			path = SupportingFiles;
			sourceTree = "<group>";
		};
		8548CB5829EE5F6000518090 /* SwiftGen */ = {
			isa = PBXGroup;
			children = (
				8548CB5229EE5F3300518090 /* swiftgen.sh */,
				8548CB4E29EE5F3300518090 /* swiftgen.yml */,
				8548CB4F29EE5F3300518090 /* Templates */,
			);
			path = SwiftGen;
			sourceTree = "<group>";
		};
		8548CB5F29EE617A00518090 /* Autogenerated */ = {
			isa = PBXGroup;
			children = (
				8548CB6029EE642D00518090 /* Assets.swift */,
				8548CB6129EE642D00518090 /* Strings.swift */,
			);
			path = Autogenerated;
			sourceTree = "<group>";
		};
		8548CB6529EE683C00518090 /* StartScene */ = {
			isa = PBXGroup;
			children = (
				5E9BF21529EF997D00DC1AFD /* Cells */,
				8548CB3A29EE5CA100518090 /* StartSceneViewController.swift */,
				8548CB6629EE688200518090 /* StartSceneInteractor.swift */,
				8548CB6829EE689600518090 /* StartScenePresenter.swift */,
				8548CB6C29EE68DE00518090 /* StartSceneModel.swift */,
				8548CB6E29EE68EB00518090 /* StartSceneAssembly.swift */,
			);
			path = StartScene;
			sourceTree = "<group>";
		};
		8548CBBA29F0237700518090 /* OpenDocumentScene */ = {
			isa = PBXGroup;
			children = (
				8548CBBB29F0237700518090 /* Cells */,
				8548CBC029F0237700518090 /* OpenDocumentInteractor.swift */,
				8548CBC129F0237700518090 /* OpenDocumentWorker.swift */,
				8548CBC229F0237700518090 /* OpenDocumentViewController.swift */,
				8548CBC329F0237700518090 /* OpenDocumentPresenter.swift */,
				8548CBC429F0237700518090 /* OpenDocumentModel.swift */,
				8548CBC529F0237700518090 /* OpenDocumentAssembly.swift */,
			);
			path = OpenDocumentScene;
			sourceTree = "<group>";
		};
		8548CBBB29F0237700518090 /* Cells */ = {
			isa = PBXGroup;
			children = (
				8548CBBC29F0237700518090 /* FileTableViewCell.swift */,
			);
			path = Cells;
			sourceTree = "<group>";
		};
		8548CBCF29F07A4900518090 /* Theme */ = {
			isa = PBXGroup;
			children = (
				8548CBD029F07A6500518090 /* Palette.swift */,
			);
			path = Theme;
			sourceTree = "<group>";
		};
/* End PBXGroup section */

/* Begin PBXNativeTarget section */
		5E5EB57229EFFA9F000EC9E5 /* MdEditorTests */ = {
			isa = PBXNativeTarget;
			buildConfigurationList = 5E5EB57B29EFFAA1000EC9E5 /* Build configuration list for PBXNativeTarget "MdEditorTests" */;
			buildPhases = (
				5E5EB56F29EFFA9F000EC9E5 /* Sources */,
				5E5EB57029EFFA9F000EC9E5 /* Frameworks */,
				5E5EB57129EFFA9F000EC9E5 /* Resources */,
			);
			buildRules = (
			);
			dependencies = (
				5E5EB57829EFFAA0000EC9E5 /* PBXTargetDependency */,
			);
			name = MdEditorTests;
			productName = MdEditorTests;
			productReference = 5E5EB57329EFFA9F000EC9E5 /* MdEditorTests.xctest */;
			productType = "com.apple.product-type.bundle.unit-test";
		};
		8548CB3229EE5CA100518090 /* MdEditor */ = {
			isa = PBXNativeTarget;
			buildConfigurationList = 8548CB4729EE5CA400518090 /* Build configuration list for PBXNativeTarget "MdEditor" */;
			buildPhases = (
				8548CB5E29EE612000518090 /* SwiftGen */,
				8548CB6429EE662400518090 /* SwiftLint */,
				8548CB2F29EE5CA100518090 /* Sources */,
				8548CB3029EE5CA100518090 /* Frameworks */,
				8548CB3129EE5CA100518090 /* Resources */,
			);
			buildRules = (
			);
			dependencies = (
			);
			name = MdEditor;
			packageProductDependencies = (
				5E9BF20D29EF06DC00DC1AFD /* SnapKit */,
			);
			productName = MdEditor;
			productReference = 8548CB3329EE5CA100518090 /* MdEditor.app */;
			productType = "com.apple.product-type.application";
		};
/* End PBXNativeTarget section */

/* Begin PBXProject section */
		8548CB2B29EE5CA100518090 /* Project object */ = {
			isa = PBXProject;
			attributes = {
				BuildIndependentTargetsInParallel = 1;
				LastSwiftUpdateCheck = 1410;
				LastUpgradeCheck = 1420;
				TargetAttributes = {
					5E5EB57229EFFA9F000EC9E5 = {
						CreatedOnToolsVersion = 14.1;
						TestTargetID = 8548CB3229EE5CA100518090;
					};
					8548CB3229EE5CA100518090 = {
						CreatedOnToolsVersion = 14.2;
					};
				};
			};
			buildConfigurationList = 8548CB2E29EE5CA100518090 /* Build configuration list for PBXProject "MdEditor" */;
			compatibilityVersion = "Xcode 14.0";
			developmentRegion = en;
			hasScannedForEncodings = 0;
			knownRegions = (
				en,
				Base,
				ru,
			);
			mainGroup = 8548CB2A29EE5CA100518090;
			packageReferences = (
				5E9BF20C29EF06DC00DC1AFD /* XCRemoteSwiftPackageReference "SnapKit" */,
			);
			productRefGroup = 8548CB3429EE5CA100518090 /* Products */;
			projectDirPath = "";
			projectRoot = "";
			targets = (
				8548CB3229EE5CA100518090 /* MdEditor */,
				5E5EB57229EFFA9F000EC9E5 /* MdEditorTests */,
			);
		};
/* End PBXProject section */

/* Begin PBXResourcesBuildPhase section */
		5E5EB57129EFFA9F000EC9E5 /* Resources */ = {
			isa = PBXResourcesBuildPhase;
			buildActionMask = 2147483647;
			files = (
			);
			runOnlyForDeploymentPostprocessing = 0;
		};
		8548CB3129EE5CA100518090 /* Resources */ = {
			isa = PBXResourcesBuildPhase;
			buildActionMask = 2147483647;
			files = (
				8548CB4D29EE5DB500518090 /* .gitignore in Resources */,
				8548CB5529EE5F3300518090 /* Strings.stencil in Resources */,
				8548CB4329EE5CA400518090 /* LaunchScreen.storyboard in Resources */,
				8548CB4029EE5CA400518090 /* Assets.xcassets in Resources */,
				8548CB5629EE5F3300518090 /* swiftgen.sh in Resources */,
				8548CB5B29EE609500518090 /* Localizable.strings in Resources */,
				8548CB4B29EE5D8200518090 /* README.md in Resources */,
				8548CB5329EE5F3300518090 /* swiftgen.yml in Resources */,
				8548CBB929F019E400518090 /* SampleFiles in Resources */,
				8548CB5429EE5F3300518090 /* Assets.stencil in Resources */,
			);
			runOnlyForDeploymentPostprocessing = 0;
		};
/* End PBXResourcesBuildPhase section */

/* Begin PBXShellScriptBuildPhase section */
		8548CB5E29EE612000518090 /* SwiftGen */ = {
			isa = PBXShellScriptBuildPhase;
			alwaysOutOfDate = 1;
			buildActionMask = 2147483647;
			files = (
			);
			inputFileListPaths = (
			);
			inputPaths = (
			);
			name = SwiftGen;
			outputFileListPaths = (
			);
			outputPaths = (
				"$(SRCROOT)/MdEditor/SupportingFiles/Autogenerated/Strings.swift",
				"$(SRCROOT)/MdEditor/SupportingFiles/Autogenerated/Assets.swift",
			);
			runOnlyForDeploymentPostprocessing = 0;
			shellPath = /bin/sh;
			shellScript = "MdEditor/SwiftGen/swiftgen.sh\n";
		};
		8548CB6429EE662400518090 /* SwiftLint */ = {
			isa = PBXShellScriptBuildPhase;
			alwaysOutOfDate = 1;
			buildActionMask = 2147483647;
			files = (
			);
			inputFileListPaths = (
			);
			inputPaths = (
			);
			name = SwiftLint;
			outputFileListPaths = (
			);
			outputPaths = (
			);
			runOnlyForDeploymentPostprocessing = 0;
			shellPath = /bin/sh;
			shellScript = "export PATH=\"$PATH:/opt/homebrew/bin\"\nif which swiftlint > /dev/null; then\n  swiftlint\nelse\n  echo \"warning: SwiftLint not installed, download from https://github.com/realm/SwiftLint\"\n  exit 1\nfi\n";
		};
/* End PBXShellScriptBuildPhase section */

/* Begin PBXSourcesBuildPhase section */
		5E5EB56F29EFFA9F000EC9E5 /* Sources */ = {
			isa = PBXSourcesBuildPhase;
			buildActionMask = 2147483647;
			files = (
				5E5EB57629EFFAA0000EC9E5 /* CheckingTest.swift in Sources */,
			);
			runOnlyForDeploymentPostprocessing = 0;
		};
		8548CB2F29EE5CA100518090 /* Sources */ = {
			isa = PBXSourcesBuildPhase;
			buildActionMask = 2147483647;
			files = (
				8548CB6929EE689600518090 /* StartScenePresenter.swift in Sources */,
				8548CBCB29F0237700518090 /* OpenDocumentViewController.swift in Sources */,
				8548CBC629F0237700518090 /* FileTableViewCell.swift in Sources */,
				8548CBD329F07AB000518090 /* UIColor+Hex.swift in Sources */,
				850690FF29F5312E00C378B2 /* AboutSceneAssembly.swift in Sources */,
				8506918F29F90ACB00C378B2 /* ICoordinator.swift in Sources */,
				8548CBD529F07AF800518090 /* UIColor+Dynamic.swift in Sources */,
				5E9BF21429EF98A800DC1AFD /* DynamicTableView.swift in Sources */,
				5E7EE7CE29F5124100BD700C /* IZoomingPressStateAnimatable.swift in Sources */,
				8548CB3B29EE5CA100518090 /* StartSceneViewController.swift in Sources */,
				8548CB3729EE5CA100518090 /* AppDelegate.swift in Sources */,
				8548CBC929F0237700518090 /* OpenDocumentInteractor.swift in Sources */,
				8548CB6729EE688200518090 /* StartSceneInteractor.swift in Sources */,
				5E9BF22229EFB40900DC1AFD /* IConfigurableCollectionCell.swift in Sources */,
				8506919229F9115600C378B2 /* AppCoordinator.swift in Sources */,
				8548CBCE29F0237700518090 /* OpenDocumentAssembly.swift in Sources */,
				8506910429F5312E00C378B2 /* AboutSceneInteractor.swift in Sources */,
				8548CBCA29F0237700518090 /* OpenDocumentWorker.swift in Sources */,
				5E9BF21729EF99A000DC1AFD /* MenuItemTableViewCell.swift in Sources */,
				8548CB6329EE642D00518090 /* Strings.swift in Sources */,
				5E9BF21929EF9B7200DC1AFD /* ConfigurableTableCell.swift in Sources */,
				8548CBCD29F0237700518090 /* OpenDocumentModel.swift in Sources */,
				8506910A29F5382200C378B2 /* StringConstants.swift in Sources */,
				5E9BF22029EFB3CD00DC1AFD /* RecentFileCollectionViewCell.swift in Sources */,
				8506919A29F9199100C378B2 /* StartSceneCoordinator.swift in Sources */,
				8548CBC729F0237700518090 /* FileExplorerManager.swift in Sources */,
				8506910129F5312E00C378B2 /* AboutScenePresenter.swift in Sources */,
				5E9BF21D29EF9BA500DC1AFD /* UITableView+Extension.swift in Sources */,
				8506910229F5312E00C378B2 /* AboutSceneViewController.swift in Sources */,
				8506919829F9153200C378B2 /* OpenDocumentCoordinator.swift in Sources */,
				5E7EE7CC29F5116D00BD700C /* ZoomingPressGestureRecognizer.swift in Sources */,
				8548CBD129F07A6600518090 /* Palette.swift in Sources */,
				8548CB6D29EE68DE00518090 /* StartSceneModel.swift in Sources */,
				8506919429F9119A00C378B2 /* MainCoordinator.swift in Sources */,
				8548CB6229EE642D00518090 /* Assets.swift in Sources */,
				8548CB3929EE5CA100518090 /* SceneDelegate.swift in Sources */,
				8506910329F5312E00C378B2 /* AboutSceneModel.swift in Sources */,
				8548CB6F29EE68EB00518090 /* StartSceneAssembly.swift in Sources */,
				5E9BF22429EFB6B600DC1AFD /* UICollectionView+Extension.swift in Sources */,
				8548CBCC29F0237700518090 /* OpenDocumentPresenter.swift in Sources */,
			);
			runOnlyForDeploymentPostprocessing = 0;
		};
/* End PBXSourcesBuildPhase section */

/* Begin PBXTargetDependency section */
		5E5EB57829EFFAA0000EC9E5 /* PBXTargetDependency */ = {
			isa = PBXTargetDependency;
			target = 8548CB3229EE5CA100518090 /* MdEditor */;
			targetProxy = 5E5EB57729EFFAA0000EC9E5 /* PBXContainerItemProxy */;
		};
/* End PBXTargetDependency section */

/* Begin PBXVariantGroup section */
		8548CB4129EE5CA400518090 /* LaunchScreen.storyboard */ = {
			isa = PBXVariantGroup;
			children = (
				8548CB4229EE5CA400518090 /* Base */,
			);
			name = LaunchScreen.storyboard;
			sourceTree = "<group>";
		};
		8548CB5D29EE609500518090 /* Localizable.strings */ = {
			isa = PBXVariantGroup;
			children = (
				8548CB5C29EE609500518090 /* en */,
				5E9BF20F29EF085B00DC1AFD /* ru */,
			);
			name = Localizable.strings;
			sourceTree = "<group>";
		};
/* End PBXVariantGroup section */

/* Begin XCBuildConfiguration section */
		5E5EB57929EFFAA1000EC9E5 /* Debug */ = {
			isa = XCBuildConfiguration;
			buildSettings = {
				BUNDLE_LOADER = "$(TEST_HOST)";
				CODE_SIGN_STYLE = Automatic;
				CURRENT_PROJECT_VERSION = 1;
				GENERATE_INFOPLIST_FILE = YES;
				IPHONEOS_DEPLOYMENT_TARGET = 15.0;
				MARKETING_VERSION = 1.0;
				PRODUCT_BUNDLE_IDENTIFIER = com.evgeniMeleshin.MdEditorTests;
				PRODUCT_NAME = "$(TARGET_NAME)";
				SWIFT_EMIT_LOC_STRINGS = NO;
				SWIFT_VERSION = 5.0;
				TARGETED_DEVICE_FAMILY = "1,2";
				TEST_HOST = "$(BUILT_PRODUCTS_DIR)/MdEditor.app/$(BUNDLE_EXECUTABLE_FOLDER_PATH)/MdEditor";
			};
			name = Debug;
		};
		5E5EB57A29EFFAA1000EC9E5 /* Release */ = {
			isa = XCBuildConfiguration;
			buildSettings = {
				BUNDLE_LOADER = "$(TEST_HOST)";
				CODE_SIGN_STYLE = Automatic;
				CURRENT_PROJECT_VERSION = 1;
				GENERATE_INFOPLIST_FILE = YES;
				IPHONEOS_DEPLOYMENT_TARGET = 15.0;
				MARKETING_VERSION = 1.0;
				PRODUCT_BUNDLE_IDENTIFIER = com.evgeniMeleshin.MdEditorTests;
				PRODUCT_NAME = "$(TARGET_NAME)";
				SWIFT_EMIT_LOC_STRINGS = NO;
				SWIFT_VERSION = 5.0;
				TARGETED_DEVICE_FAMILY = "1,2";
				TEST_HOST = "$(BUILT_PRODUCTS_DIR)/MdEditor.app/$(BUNDLE_EXECUTABLE_FOLDER_PATH)/MdEditor";
			};
			name = Release;
		};
		8548CB4529EE5CA400518090 /* Debug */ = {
			isa = XCBuildConfiguration;
			buildSettings = {
				ALWAYS_SEARCH_USER_PATHS = NO;
				CLANG_ANALYZER_LOCALIZABILITY_NONLOCALIZED = YES;
				CLANG_ANALYZER_NONNULL = YES;
				CLANG_ANALYZER_NUMBER_OBJECT_CONVERSION = YES_AGGRESSIVE;
				CLANG_CXX_LANGUAGE_STANDARD = "gnu++20";
				CLANG_ENABLE_MODULES = YES;
				CLANG_ENABLE_OBJC_ARC = YES;
				CLANG_ENABLE_OBJC_WEAK = YES;
				CLANG_WARN_BLOCK_CAPTURE_AUTORELEASING = YES;
				CLANG_WARN_BOOL_CONVERSION = YES;
				CLANG_WARN_COMMA = YES;
				CLANG_WARN_CONSTANT_CONVERSION = YES;
				CLANG_WARN_DEPRECATED_OBJC_IMPLEMENTATIONS = YES;
				CLANG_WARN_DIRECT_OBJC_ISA_USAGE = YES_ERROR;
				CLANG_WARN_DOCUMENTATION_COMMENTS = YES;
				CLANG_WARN_EMPTY_BODY = YES;
				CLANG_WARN_ENUM_CONVERSION = YES;
				CLANG_WARN_INFINITE_RECURSION = YES;
				CLANG_WARN_INT_CONVERSION = YES;
				CLANG_WARN_NON_LITERAL_NULL_CONVERSION = YES;
				CLANG_WARN_OBJC_IMPLICIT_RETAIN_SELF = YES;
				CLANG_WARN_OBJC_LITERAL_CONVERSION = YES;
				CLANG_WARN_OBJC_ROOT_CLASS = YES_ERROR;
				CLANG_WARN_QUOTED_INCLUDE_IN_FRAMEWORK_HEADER = YES;
				CLANG_WARN_RANGE_LOOP_ANALYSIS = YES;
				CLANG_WARN_STRICT_PROTOTYPES = YES;
				CLANG_WARN_SUSPICIOUS_MOVE = YES;
				CLANG_WARN_UNGUARDED_AVAILABILITY = YES_AGGRESSIVE;
				CLANG_WARN_UNREACHABLE_CODE = YES;
				CLANG_WARN__DUPLICATE_METHOD_MATCH = YES;
				COPY_PHASE_STRIP = NO;
				DEBUG_INFORMATION_FORMAT = dwarf;
				ENABLE_STRICT_OBJC_MSGSEND = YES;
				ENABLE_TESTABILITY = YES;
				GCC_C_LANGUAGE_STANDARD = gnu11;
				GCC_DYNAMIC_NO_PIC = NO;
				GCC_NO_COMMON_BLOCKS = YES;
				GCC_OPTIMIZATION_LEVEL = 0;
				GCC_PREPROCESSOR_DEFINITIONS = (
					"DEBUG=1",
					"$(inherited)",
				);
				GCC_WARN_64_TO_32_BIT_CONVERSION = YES;
				GCC_WARN_ABOUT_RETURN_TYPE = YES_ERROR;
				GCC_WARN_UNDECLARED_SELECTOR = YES;
				GCC_WARN_UNINITIALIZED_AUTOS = YES_AGGRESSIVE;
				GCC_WARN_UNUSED_FUNCTION = YES;
				GCC_WARN_UNUSED_VARIABLE = YES;
				IPHONEOS_DEPLOYMENT_TARGET = 16.2;
				MTL_ENABLE_DEBUG_INFO = INCLUDE_SOURCE;
				MTL_FAST_MATH = YES;
				ONLY_ACTIVE_ARCH = YES;
				SDKROOT = iphoneos;
				SWIFT_ACTIVE_COMPILATION_CONDITIONS = DEBUG;
				SWIFT_OPTIMIZATION_LEVEL = "-Onone";
			};
			name = Debug;
		};
		8548CB4629EE5CA400518090 /* Release */ = {
			isa = XCBuildConfiguration;
			buildSettings = {
				ALWAYS_SEARCH_USER_PATHS = NO;
				CLANG_ANALYZER_LOCALIZABILITY_NONLOCALIZED = YES;
				CLANG_ANALYZER_NONNULL = YES;
				CLANG_ANALYZER_NUMBER_OBJECT_CONVERSION = YES_AGGRESSIVE;
				CLANG_CXX_LANGUAGE_STANDARD = "gnu++20";
				CLANG_ENABLE_MODULES = YES;
				CLANG_ENABLE_OBJC_ARC = YES;
				CLANG_ENABLE_OBJC_WEAK = YES;
				CLANG_WARN_BLOCK_CAPTURE_AUTORELEASING = YES;
				CLANG_WARN_BOOL_CONVERSION = YES;
				CLANG_WARN_COMMA = YES;
				CLANG_WARN_CONSTANT_CONVERSION = YES;
				CLANG_WARN_DEPRECATED_OBJC_IMPLEMENTATIONS = YES;
				CLANG_WARN_DIRECT_OBJC_ISA_USAGE = YES_ERROR;
				CLANG_WARN_DOCUMENTATION_COMMENTS = YES;
				CLANG_WARN_EMPTY_BODY = YES;
				CLANG_WARN_ENUM_CONVERSION = YES;
				CLANG_WARN_INFINITE_RECURSION = YES;
				CLANG_WARN_INT_CONVERSION = YES;
				CLANG_WARN_NON_LITERAL_NULL_CONVERSION = YES;
				CLANG_WARN_OBJC_IMPLICIT_RETAIN_SELF = YES;
				CLANG_WARN_OBJC_LITERAL_CONVERSION = YES;
				CLANG_WARN_OBJC_ROOT_CLASS = YES_ERROR;
				CLANG_WARN_QUOTED_INCLUDE_IN_FRAMEWORK_HEADER = YES;
				CLANG_WARN_RANGE_LOOP_ANALYSIS = YES;
				CLANG_WARN_STRICT_PROTOTYPES = YES;
				CLANG_WARN_SUSPICIOUS_MOVE = YES;
				CLANG_WARN_UNGUARDED_AVAILABILITY = YES_AGGRESSIVE;
				CLANG_WARN_UNREACHABLE_CODE = YES;
				CLANG_WARN__DUPLICATE_METHOD_MATCH = YES;
				COPY_PHASE_STRIP = NO;
				DEBUG_INFORMATION_FORMAT = "dwarf-with-dsym";
				ENABLE_NS_ASSERTIONS = NO;
				ENABLE_STRICT_OBJC_MSGSEND = YES;
				GCC_C_LANGUAGE_STANDARD = gnu11;
				GCC_NO_COMMON_BLOCKS = YES;
				GCC_WARN_64_TO_32_BIT_CONVERSION = YES;
				GCC_WARN_ABOUT_RETURN_TYPE = YES_ERROR;
				GCC_WARN_UNDECLARED_SELECTOR = YES;
				GCC_WARN_UNINITIALIZED_AUTOS = YES_AGGRESSIVE;
				GCC_WARN_UNUSED_FUNCTION = YES;
				GCC_WARN_UNUSED_VARIABLE = YES;
				IPHONEOS_DEPLOYMENT_TARGET = 16.2;
				MTL_ENABLE_DEBUG_INFO = NO;
				MTL_FAST_MATH = YES;
				SDKROOT = iphoneos;
				SWIFT_COMPILATION_MODE = wholemodule;
				SWIFT_OPTIMIZATION_LEVEL = "-O";
				VALIDATE_PRODUCT = YES;
			};
			name = Release;
		};
		8548CB4829EE5CA400518090 /* Debug */ = {
			isa = XCBuildConfiguration;
			buildSettings = {
				ASSETCATALOG_COMPILER_APPICON_NAME = AppIcon;
				ASSETCATALOG_COMPILER_GLOBAL_ACCENT_COLOR_NAME = AccentColor;
				CODE_SIGN_STYLE = Automatic;
				CURRENT_PROJECT_VERSION = 1;
				DEVELOPMENT_TEAM = G2VF2J7D53;
				GENERATE_INFOPLIST_FILE = YES;
				INFOPLIST_FILE = MdEditor/SupportingFiles/Info.plist;
				INFOPLIST_KEY_UIApplicationSupportsIndirectInputEvents = YES;
				INFOPLIST_KEY_UILaunchStoryboardName = LaunchScreen;
				INFOPLIST_KEY_UISupportedInterfaceOrientations = "UIInterfaceOrientationPortrait UIInterfaceOrientationPortraitUpsideDown";
				INFOPLIST_KEY_UISupportedInterfaceOrientations_iPad = "UIInterfaceOrientationLandscapeLeft UIInterfaceOrientationLandscapeRight UIInterfaceOrientationPortrait UIInterfaceOrientationPortraitUpsideDown";
				IPHONEOS_DEPLOYMENT_TARGET = 15.0;
				LD_RUNPATH_SEARCH_PATHS = (
					"$(inherited)",
					"@executable_path/Frameworks",
				);
				MARKETING_VERSION = 1.0;
				PRODUCT_BUNDLE_IDENTIFIER = com.evgeniMeleshin.MdEditor;
				PRODUCT_NAME = "$(TARGET_NAME)";
				SWIFT_EMIT_LOC_STRINGS = YES;
				SWIFT_VERSION = 5.0;
				TARGETED_DEVICE_FAMILY = "1,2";
			};
			name = Debug;
		};
		8548CB4929EE5CA400518090 /* Release */ = {
			isa = XCBuildConfiguration;
			buildSettings = {
				ASSETCATALOG_COMPILER_APPICON_NAME = AppIcon;
				ASSETCATALOG_COMPILER_GLOBAL_ACCENT_COLOR_NAME = AccentColor;
				CODE_SIGN_STYLE = Automatic;
				CURRENT_PROJECT_VERSION = 1;
				DEVELOPMENT_TEAM = G2VF2J7D53;
				GENERATE_INFOPLIST_FILE = YES;
				INFOPLIST_FILE = MdEditor/SupportingFiles/Info.plist;
				INFOPLIST_KEY_UIApplicationSupportsIndirectInputEvents = YES;
				INFOPLIST_KEY_UILaunchStoryboardName = LaunchScreen;
				INFOPLIST_KEY_UIMainStoryboardFile = "";
				INFOPLIST_KEY_UISupportedInterfaceOrientations = "UIInterfaceOrientationPortrait UIInterfaceOrientationPortraitUpsideDown";
				INFOPLIST_KEY_UISupportedInterfaceOrientations_iPad = "UIInterfaceOrientationLandscapeLeft UIInterfaceOrientationLandscapeRight UIInterfaceOrientationPortrait UIInterfaceOrientationPortraitUpsideDown";
				IPHONEOS_DEPLOYMENT_TARGET = 15.0;
				LD_RUNPATH_SEARCH_PATHS = (
					"$(inherited)",
					"@executable_path/Frameworks",
				);
				MARKETING_VERSION = 1.0;
				PRODUCT_BUNDLE_IDENTIFIER = com.evgeniMeleshin.MdEditor;
				PRODUCT_NAME = "$(TARGET_NAME)";
				SWIFT_EMIT_LOC_STRINGS = YES;
				SWIFT_VERSION = 5.0;
				TARGETED_DEVICE_FAMILY = "1,2";
			};
			name = Release;
		};
/* End XCBuildConfiguration section */

/* Begin XCConfigurationList section */
		5E5EB57B29EFFAA1000EC9E5 /* Build configuration list for PBXNativeTarget "MdEditorTests" */ = {
			isa = XCConfigurationList;
			buildConfigurations = (
				5E5EB57929EFFAA1000EC9E5 /* Debug */,
				5E5EB57A29EFFAA1000EC9E5 /* Release */,
			);
			defaultConfigurationIsVisible = 0;
			defaultConfigurationName = Release;
		};
		8548CB2E29EE5CA100518090 /* Build configuration list for PBXProject "MdEditor" */ = {
			isa = XCConfigurationList;
			buildConfigurations = (
				8548CB4529EE5CA400518090 /* Debug */,
				8548CB4629EE5CA400518090 /* Release */,
			);
			defaultConfigurationIsVisible = 0;
			defaultConfigurationName = Release;
		};
		8548CB4729EE5CA400518090 /* Build configuration list for PBXNativeTarget "MdEditor" */ = {
			isa = XCConfigurationList;
			buildConfigurations = (
				8548CB4829EE5CA400518090 /* Debug */,
				8548CB4929EE5CA400518090 /* Release */,
			);
			defaultConfigurationIsVisible = 0;
			defaultConfigurationName = Release;
		};
/* End XCConfigurationList section */

/* Begin XCRemoteSwiftPackageReference section */
		5E9BF20C29EF06DC00DC1AFD /* XCRemoteSwiftPackageReference "SnapKit" */ = {
			isa = XCRemoteSwiftPackageReference;
			repositoryURL = "https://github.com/SnapKit/SnapKit";
			requirement = {
				kind = upToNextMajorVersion;
				minimumVersion = 5.0.0;
			};
		};
/* End XCRemoteSwiftPackageReference section */

/* Begin XCSwiftPackageProductDependency section */
		5E9BF20D29EF06DC00DC1AFD /* SnapKit */ = {
			isa = XCSwiftPackageProductDependency;
			package = 5E9BF20C29EF06DC00DC1AFD /* XCRemoteSwiftPackageReference "SnapKit" */;
			productName = SnapKit;
		};
/* End XCSwiftPackageProductDependency section */
	};
	rootObject = 8548CB2B29EE5CA100518090 /* Project object */;
}
